
Microsoft Visual Studio Solution File, Format Version 12.00
# Visual Studio Version 17
VisualStudioVersion = 17.4.33110.190
MinimumVisualStudioVersion = 10.0.40219.1
Project("{9A19103F-16F7-4668-BE54-9A1E7A4F7556}") = "Nemmet", "Nemmet\Nemmet.csproj", "{228217C5-BC44-44B6-BB1A-3912DCBCE709}"
EndProject
Project("{FAE04EC0-301F-11D3-BF4B-00C04F79EFBC}") = "Nemmet.Tests", "Nemmet.Tests\Nemmet.Tests.csproj", "{011BA07B-922F-47CF-9412-5D16E982668F}"
EndProject
Global
	GlobalSection(SolutionConfigurationPlatforms) = preSolution
		Debug|Any CPU = Debug|Any CPU
		Release|Any CPU = Release|Any CPU
	EndGlobalSection
	GlobalSection(ProjectConfigurationPlatforms) = postSolution
		{228217C5-BC44-44B6-BB1A-3912DCBCE709}.Debug|Any CPU.ActiveCfg = Debug|Any CPU
		{228217C5-BC44-44B6-BB1A-3912DCBCE709}.Debug|Any CPU.Build.0 = Debug|Any CPU
		{228217C5-BC44-44B6-BB1A-3912DCBCE709}.Release|Any CPU.ActiveCfg = Release|Any CPU
		{228217C5-BC44-44B6-BB1A-3912DCBCE709}.Release|Any CPU.Build.0 = Release|Any CPU
		{011BA07B-922F-47CF-9412-5D16E982668F}.Debug|Any CPU.ActiveCfg = Debug|Any CPU
		{011BA07B-922F-47CF-9412-5D16E982668F}.Debug|Any CPU.Build.0 = Debug|Any CPU
		{011BA07B-922F-47CF-9412-5D16E982668F}.Release|Any CPU.ActiveCfg = Release|Any CPU
		{011BA07B-922F-47CF-9412-5D16E982668F}.Release|Any CPU.Build.0 = Release|Any CPU
	EndGlobalSection
	GlobalSection(SolutionProperties) = preSolution
		HideSolutionNode = FALSE
	EndGlobalSection
	GlobalSection(ExtensibilityGlobals) = postSolution
		SolutionGuid = {D5AA1BF6-7223-4032-9CF2-400690622B94}
	EndGlobalSection
EndGlobal
